
Microsoft Visual Studio Solution File, Format Version 12.00
# Visual Studio Version 17
VisualStudioVersion = 17.6.33717.318
MinimumVisualStudioVersion = 10.0.40219.1
Project("{FAE04EC0-301F-11D3-BF4B-00C04F79EFBC}") = "APItest", "APItest\APItest.csproj", "{5754B0E2-4D9E-4A00-9F6F-6EEECDB8E246}"
EndProject
Global
	GlobalSection(SolutionConfigurationPlatforms) = preSolution
		Debug|Any CPU = Debug|Any CPU
		Release|Any CPU = Release|Any CPU
	EndGlobalSection
	GlobalSection(ProjectConfigurationPlatforms) = postSolution
		{5754B0E2-4D9E-4A00-9F6F-6EEECDB8E246}.Debug|Any CPU.ActiveCfg = Debug|Any CPU
		{5754B0E2-4D9E-4A00-9F6F-6EEECDB8E246}.Debug|Any CPU.Build.0 = Debug|Any CPU
		{5754B0E2-4D9E-4A00-9F6F-6EEECDB8E246}.Release|Any CPU.ActiveCfg = Release|Any CPU
		{5754B0E2-4D9E-4A00-9F6F-6EEECDB8E246}.Release|Any CPU.Build.0 = Release|Any CPU
	EndGlobalSection
	GlobalSection(SolutionProperties) = preSolution
		HideSolutionNode = FALSE
	EndGlobalSection
	GlobalSection(ExtensibilityGlobals) = postSolution
		SolutionGuid = {FBB64960-1660-4E8B-AE50-33246AAABC01}
	EndGlobalSection
EndGlobal
